
Microsoft Visual Studio Solution File, Format Version 12.00
# Visual Studio Version 17
VisualStudioVersion = 17.8.34316.72
MinimumVisualStudioVersion = 10.0.40219.1
Project("{FAE04EC0-301F-11D3-BF4B-00C04F79EFBC}") = "SpellCheck", "SpellCheck.csproj", "{D605D65B-C738-40B7-957A-99B5676E8181}"
EndProject
Global
	GlobalSection(SolutionConfigurationPlatforms) = preSolution
		Debug|Any CPU = Debug|Any CPU
		Release|Any CPU = Release|Any CPU
	EndGlobalSection
	GlobalSection(ProjectConfigurationPlatforms) = postSolution
		{D605D65B-C738-40B7-957A-99B5676E8181}.Debug|Any CPU.ActiveCfg = Debug|Any CPU
		{D605D65B-C738-40B7-957A-99B5676E8181}.Debug|Any CPU.Build.0 = Debug|Any CPU
		{D605D65B-C738-40B7-957A-99B5676E8181}.Release|Any CPU.ActiveCfg = Release|Any CPU
		{D605D65B-C738-40B7-957A-99B5676E8181}.Release|Any CPU.Build.0 = Release|Any CPU
	EndGlobalSection
	GlobalSection(SolutionProperties) = preSolution
		HideSolutionNode = FALSE
	EndGlobalSection
	GlobalSection(ExtensibilityGlobals) = postSolution
		SolutionGuid = {122E0F89-BE4C-4D3C-8CD4-44C089997FF6}
	EndGlobalSection
EndGlobal
